{
  "name": "@grundstein/gps",
  "version": "0.0.1-alpha.0",
  "lockfileVersion": 1,
  "requires": true,
  "dependencies": {
    "@magic/cases": {
      "version": "0.0.2",
      "resolved": "https://registry.npmjs.org/@magic/cases/-/cases-0.0.2.tgz",
      "integrity": "sha512-Llq+dV01hkzRi8FfnZg8lBIZN6RDkSMI7nlH+Wh/bjPUKOqyds/s8YyY2R0+9GAKzS7sIkhjWXBplaH2lZAfrQ=="
    },
    "@magic/cli": {
      "version": "0.0.24",
      "resolved": "https://registry.npmjs.org/@magic/cli/-/cli-0.0.24.tgz",
      "integrity": "sha512-elIWfcqC1F8pB/Y5XSKEYiLuZpepMwAhsYHRryBAFfp3CDpK77KYQuTvdtXog/TwZB517Oga/EPRbrOUCTt1EQ==",
      "requires": {
        "@magic/cases": "0.0.2",
        "@magic/log": "0.1.4",
        "@magic/types": "0.1.11"
      }
    },
    "@magic/log": {
      "version": "0.1.4",
      "resolved": "https://registry.npmjs.org/@magic/log/-/log-0.1.4.tgz",
      "integrity": "sha512-GUiOKQ/L3hnMEYtuYwQ/bjQpVDFa0QReVOwenJVqSJcPXlEZTF7fHoiXHQYcvQ22KduY4AJSxq5f58JvQZaKmg==",
      "requires": {
        "@magic/types": "0.1.11"
      }
    },
    "@magic/types": {
      "version": "0.1.11",
      "resolved": "https://registry.npmjs.org/@magic/types/-/types-0.1.11.tgz",
      "integrity": "sha512-4eateLebE9Txx4gPjUMpDkCDzrECfxPqAWMgim1kADETPnGAgRTHWbMMCtDZGpp48Jj/5sln0iXqp5GrJZH5EA=="
    }
  }
}
